
Microsoft Visual Studio Solution File, Format Version 12.00
# Visual Studio Version 16
VisualStudioVersion = 16.0.33801.447
MinimumVisualStudioVersion = 10.0.40219.1
Project("{FAE04EC0-301F-11D3-BF4B-00C04F79EFBC}") = "SimpleTak", "SimpleTak\SimpleTak.csproj", "{8CCC75D6-3CE9-4329-9FE0-64471A1360EE}"
EndProject
Global
	GlobalSection(SolutionConfigurationPlatforms) = preSolution
		Debug|Any CPU = Debug|Any CPU
		Release|Any CPU = Release|Any CPU
	EndGlobalSection
	GlobalSection(ProjectConfigurationPlatforms) = postSolution
		{8CCC75D6-3CE9-4329-9FE0-64471A1360EE}.Debug|Any CPU.ActiveCfg = Debug|Any CPU
		{8CCC75D6-3CE9-4329-9FE0-64471A1360EE}.Debug|Any CPU.Build.0 = Debug|Any CPU
		{8CCC75D6-3CE9-4329-9FE0-64471A1360EE}.Release|Any CPU.ActiveCfg = Release|Any CPU
		{8CCC75D6-3CE9-4329-9FE0-64471A1360EE}.Release|Any CPU.Build.0 = Release|Any CPU
	EndGlobalSection
	GlobalSection(SolutionProperties) = preSolution
		HideSolutionNode = FALSE
	EndGlobalSection
	GlobalSection(ExtensibilityGlobals) = postSolution
		SolutionGuid = {CE612166-91E2-48FB-A77B-D6FD043C56BD}
	EndGlobalSection
EndGlobal
